# This file is automatically @generated by Poetry 1.8.3 and should not be changed by hand.

[[package]]
name = "appdirs"
version = "1.4.4"
description = "A small Python module for determining appropriate platform-specific dirs, e.g. a \"user data dir\"."
optional = false
python-versions = "*"
files = [
    {file = "appdirs-1.4.4-py2.py3-none-any.whl", hash = "sha256:a841dacd6b99318a741b166adb07e19ee71a274450e68237b4650ca1055ab128"},
    {file = "appdirs-1.4.4.tar.gz", hash = "sha256:7d5d0167b2b1ba821647616af46a749d1c653740dd0d2415100fe26e27afdf41"},
]

[[package]]
name = "flexcache"
version = "0.3"
description = "Saves and loads to the cache a transformed versions of a source object."
optional = false
python-versions = ">=3.9"
files = [
    {file = "flexcache-0.3-py3-none-any.whl", hash = "sha256:d43c9fea82336af6e0115e308d9d33a185390b8346a017564611f1466dcd2e32"},
    {file = "flexcache-0.3.tar.gz", hash = "sha256:18743bd5a0621bfe2cf8d519e4c3bfdf57a269c15d1ced3fb4b64e0ff4600656"},
]

[package.dependencies]
typing-extensions = "*"

[package.extras]
test = ["pytest", "pytest-cov", "pytest-mpl", "pytest-subtests"]

[[package]]
name = "flexparser"
version = "0.3.1"
description = "Parsing made fun ... using typing."
optional = false
python-versions = ">=3.9"
files = [
    {file = "flexparser-0.3.1-py3-none-any.whl", hash = "sha256:2e3e2936bec1f9277f777ef77297522087d96adb09624d4fe4240fd56885c013"},
    {file = "flexparser-0.3.1.tar.gz", hash = "sha256:36f795d82e50f5c9ae2fde1c33f21f88922fdd67b7629550a3cc4d0b40a66856"},
]

[package.dependencies]
typing-extensions = "*"

[package.extras]
test = ["pytest", "pytest-cov", "pytest-mpl", "pytest-subtests"]

[[package]]
name = "pint"
version = "0.24.3"
description = "Physical quantities module"
optional = false
python-versions = ">=3.9"
files = [
    {file = "Pint-0.24.3-py3-none-any.whl", hash = "sha256:d98667e46fd03a1b94694fbfa104ec30858684d8ab26952e2a348b48059089bb"},
    {file = "pint-0.24.3.tar.gz", hash = "sha256:d54771093e8b94c4e0a35ac638c2444ddf3ef685652bab7675ffecfa0c5c5cdf"},
]

[package.dependencies]
appdirs = ">=1.4.4"
flexcache = ">=0.3"
flexparser = ">=0.3"
typing-extensions = "*"

[package.extras]
babel = ["babel (<=2.8)"]
bench = ["pytest", "pytest-codspeed"]
dask = ["dask"]
mip = ["mip (>=1.13)"]
numpy = ["numpy (>=1.23)"]
pandas = ["pint-pandas (>=0.3)"]
test = ["pytest", "pytest-benchmark", "pytest-cov", "pytest-mpl", "pytest-subtests"]
testbase = ["pytest", "pytest-benchmark", "pytest-cov", "pytest-subtests"]
uncertainties = ["uncertainties (>=3.1.6)"]
xarray = ["xarray"]

[[package]]
name = "typing-extensions"
version = "4.12.2"
description = "Backported and Experimental Type Hints for Python 3.8+"
optional = false
python-versions = ">=3.8"
files = [
    {file = "typing_extensions-4.12.2-py3-none-any.whl", hash = "sha256:04e5ca0351e0f3f85c6853954072df659d0d13fac324d0072316b67d7794700d"},
    {file = "typing_extensions-4.12.2.tar.gz", hash = "sha256:1a7ead55c7e559dd4dee8856e3a88b41225abfe1ce8df57b7c13915fe121ffb8"},
]

[metadata]
lock-version = "2.0"
python-versions = "^3.11"
content-hash = "43feacda3a263f201e064a35228f5953aa036ab697dc2bb8e9e9c3c0c4d9cb38"
